
Microsoft Visual Studio Solution File, Format Version 12.00
# Visual Studio 14
VisualStudioVersion = 14.0.24720.0
MinimumVisualStudioVersion = 10.0.40219.1
Project("{FAE04EC0-301F-11D3-BF4B-00C04F79EFBC}") = "App1Beacon.Droid", "App1Beacon\App1Beacon.Droid\App1Beacon.Droid.csproj", "{2539AC59-26E8-49B0-86AD-774750222358}"
EndProject
Project("{FAE04EC0-301F-11D3-BF4B-00C04F79EFBC}") = "App1Beacon.iOS", "App1Beacon\App1Beacon.iOS\App1Beacon.iOS.csproj", "{AF4A1241-4941-42D0-8061-26C6CE6372CC}"
EndProject
Project("{FAE04EC0-301F-11D3-BF4B-00C04F79EFBC}") = "App1Beacon.WinPhone", "App1Beacon\App1Beacon.WinPhone\App1Beacon.WinPhone.csproj", "{B43B26C3-E916-4FAB-991A-79764E534F7B}"
EndProject
Project("{FAE04EC0-301F-11D3-BF4B-00C04F79EFBC}") = "App1Beacon", "App1Beacon\App1Beacon\App1Beacon.csproj", "{B3AF9E34-F824-4F04-AB79-D47CB9FDD911}"
EndProject
Global
	GlobalSection(SolutionConfigurationPlatforms) = preSolution
		Ad-Hoc|Any CPU = Ad-Hoc|Any CPU
		Ad-Hoc|ARM = Ad-Hoc|ARM
		Ad-Hoc|iPhone = Ad-Hoc|iPhone
		Ad-Hoc|iPhoneSimulator = Ad-Hoc|iPhoneSimulator
		Ad-Hoc|x86 = Ad-Hoc|x86
		AppStore|Any CPU = AppStore|Any CPU
		AppStore|ARM = AppStore|ARM
		AppStore|iPhone = AppStore|iPhone
		AppStore|iPhoneSimulator = AppStore|iPhoneSimulator
		AppStore|x86 = AppStore|x86
		Debug|Any CPU = Debug|Any CPU
		Debug|ARM = Debug|ARM
		Debug|iPhone = Debug|iPhone
		Debug|iPhoneSimulator = Debug|iPhoneSimulator
		Debug|x86 = Debug|x86
		Release|Any CPU = Release|Any CPU
		Release|ARM = Release|ARM
		Release|iPhone = Release|iPhone
		Release|iPhoneSimulator = Release|iPhoneSimulator
		Release|x86 = Release|x86
	EndGlobalSection
	GlobalSection(ProjectConfigurationPlatforms) = postSolution
		{2539AC59-26E8-49B0-86AD-774750222358}.Ad-Hoc|Any CPU.ActiveCfg = Release|Any CPU
		{2539AC59-26E8-49B0-86AD-774750222358}.Ad-Hoc|Any CPU.Build.0 = Release|Any CPU
		{2539AC59-26E8-49B0-86AD-774750222358}.Ad-Hoc|Any CPU.Deploy.0 = Release|Any CPU
		{2539AC59-26E8-49B0-86AD-774750222358}.Ad-Hoc|ARM.ActiveCfg = Release|Any CPU
		{2539AC59-26E8-49B0-86AD-774750222358}.Ad-Hoc|ARM.Build.0 = Release|Any CPU
		{2539AC59-26E8-49B0-86AD-774750222358}.Ad-Hoc|ARM.Deploy.0 = Release|Any CPU
		{2539AC59-26E8-49B0-86AD-774750222358}.Ad-Hoc|iPhone.ActiveCfg = Release|Any CPU
		{2539AC59-26E8-49B0-86AD-774750222358}.Ad-Hoc|iPhone.Build.0 = Release|Any CPU
		{2539AC59-26E8-49B0-86AD-774750222358}.Ad-Hoc|iPhone.Deploy.0 = Release|Any CPU
		{2539AC59-26E8-49B0-86AD-774750222358}.Ad-Hoc|iPhoneSimulator.ActiveCfg = Release|Any CPU
		{2539AC59-26E8-49B0-86AD-774750222358}.Ad-Hoc|iPhoneSimulator.Build.0 = Release|Any CPU
		{2539AC59-26E8-49B0-86AD-774750222358}.Ad-Hoc|iPhoneSimulator.Deploy.0 = Release|Any CPU
		{2539AC59-26E8-49B0-86AD-774750222358}.Ad-Hoc|x86.ActiveCfg = Release|Any CPU
		{2539AC59-26E8-49B0-86AD-774750222358}.Ad-Hoc|x86.Build.0 = Release|Any CPU
		{2539AC59-26E8-49B0-86AD-774750222358}.Ad-Hoc|x86.Deploy.0 = Release|Any CPU
		{2539AC59-26E8-49B0-86AD-774750222358}.AppStore|Any CPU.ActiveCfg = Release|Any CPU
		{2539AC59-26E8-49B0-86AD-774750222358}.AppStore|Any CPU.Build.0 = Release|Any CPU
		{2539AC59-26E8-49B0-86AD-774750222358}.AppStore|Any CPU.Deploy.0 = Release|Any CPU
		{2539AC59-26E8-49B0-86AD-774750222358}.AppStore|ARM.ActiveCfg = Release|Any CPU
		{2539AC59-26E8-49B0-86AD-774750222358}.AppStore|ARM.Build.0 = Release|Any CPU
		{2539AC59-26E8-49B0-86AD-774750222358}.AppStore|ARM.Deploy.0 = Release|Any CPU
		{2539AC59-26E8-49B0-86AD-774750222358}.AppStore|iPhone.ActiveCfg = Release|Any CPU
		{2539AC59-26E8-49B0-86AD-774750222358}.AppStore|iPhone.Build.0 = Release|Any CPU
		{2539AC59-26E8-49B0-86AD-774750222358}.AppStore|iPhone.Deploy.0 = Release|Any CPU
		{2539AC59-26E8-49B0-86AD-774750222358}.AppStore|iPhoneSimulator.ActiveCfg = Release|Any CPU
		{2539AC59-26E8-49B0-86AD-774750222358}.AppStore|iPhoneSimulator.Build.0 = Release|Any CPU
		{2539AC59-26E8-49B0-86AD-774750222358}.AppStore|iPhoneSimulator.Deploy.0 = Release|Any CPU
		{2539AC59-26E8-49B0-86AD-774750222358}.AppStore|x86.ActiveCfg = Release|Any CPU
		{2539AC59-26E8-49B0-86AD-774750222358}.AppStore|x86.Build.0 = Release|Any CPU
		{2539AC59-26E8-49B0-86AD-774750222358}.AppStore|x86.Deploy.0 = Release|Any CPU
		{2539AC59-26E8-49B0-86AD-774750222358}.Debug|Any CPU.ActiveCfg = Debug|Any CPU
		{2539AC59-26E8-49B0-86AD-774750222358}.Debug|Any CPU.Build.0 = Debug|Any CPU
		{2539AC59-26E8-49B0-86AD-774750222358}.Debug|Any CPU.Deploy.0 = Debug|Any CPU
		{2539AC59-26E8-49B0-86AD-774750222358}.Debug|ARM.ActiveCfg = Debug|Any CPU
		{2539AC59-26E8-49B0-86AD-774750222358}.Debug|ARM.Build.0 = Debug|Any CPU
		{2539AC59-26E8-49B0-86AD-774750222358}.Debug|ARM.Deploy.0 = Debug|Any CPU
		{2539AC59-26E8-49B0-86AD-774750222358}.Debug|iPhone.ActiveCfg = Debug|Any CPU
		{2539AC59-26E8-49B0-86AD-774750222358}.Debug|iPhone.Build.0 = Debug|Any CPU
		{2539AC59-26E8-49B0-86AD-774750222358}.Debug|iPhone.Deploy.0 = Debug|Any CPU
		{2539AC59-26E8-49B0-86AD-774750222358}.Debug|iPhoneSimulator.ActiveCfg = Debug|Any CPU
		{2539AC59-26E8-49B0-86AD-774750222358}.Debug|iPhoneSimulator.Build.0 = Debug|Any CPU
		{2539AC59-26E8-49B0-86AD-774750222358}.Debug|iPhoneSimulator.Deploy.0 = Debug|Any CPU
		{2539AC59-26E8-49B0-86AD-774750222358}.Debug|x86.ActiveCfg = Debug|Any CPU
		{2539AC59-26E8-49B0-86AD-774750222358}.Debug|x86.Build.0 = Debug|Any CPU
		{2539AC59-26E8-49B0-86AD-774750222358}.Debug|x86.Deploy.0 = Debug|Any CPU
		{2539AC59-26E8-49B0-86AD-774750222358}.Release|Any CPU.ActiveCfg = Release|Any CPU
		{2539AC59-26E8-49B0-86AD-774750222358}.Release|Any CPU.Build.0 = Release|Any CPU
		{2539AC59-26E8-49B0-86AD-774750222358}.Release|Any CPU.Deploy.0 = Release|Any CPU
		{2539AC59-26E8-49B0-86AD-774750222358}.Release|ARM.ActiveCfg = Release|Any CPU
		{2539AC59-26E8-49B0-86AD-774750222358}.Release|ARM.Build.0 = Release|Any CPU
		{2539AC59-26E8-49B0-86AD-774750222358}.Release|ARM.Deploy.0 = Release|Any CPU
		{2539AC59-26E8-49B0-86AD-774750222358}.Release|iPhone.ActiveCfg = Release|Any CPU
		{2539AC59-26E8-49B0-86AD-774750222358}.Release|iPhone.Build.0 = Release|Any CPU
		{2539AC59-26E8-49B0-86AD-774750222358}.Release|iPhone.Deploy.0 = Release|Any CPU
		{2539AC59-26E8-49B0-86AD-774750222358}.Release|iPhoneSimulator.ActiveCfg = Release|Any CPU
		{2539AC59-26E8-49B0-86AD-774750222358}.Release|iPhoneSimulator.Build.0 = Release|Any CPU
		{2539AC59-26E8-49B0-86AD-774750222358}.Release|iPhoneSimulator.Deploy.0 = Release|Any CPU
		{2539AC59-26E8-49B0-86AD-774750222358}.Release|x86.ActiveCfg = Release|Any CPU
		{2539AC59-26E8-49B0-86AD-774750222358}.Release|x86.Build.0 = Release|Any CPU
		{2539AC59-26E8-49B0-86AD-774750222358}.Release|x86.Deploy.0 = Release|Any CPU
		{AF4A1241-4941-42D0-8061-26C6CE6372CC}.Ad-Hoc|Any CPU.ActiveCfg = Ad-Hoc|iPhone
		{AF4A1241-4941-42D0-8061-26C6CE6372CC}.Ad-Hoc|ARM.ActiveCfg = Ad-Hoc|iPhone
		{AF4A1241-4941-42D0-8061-26C6CE6372CC}.Ad-Hoc|iPhone.ActiveCfg = Ad-Hoc|iPhone
		{AF4A1241-4941-42D0-8061-26C6CE6372CC}.Ad-Hoc|iPhone.Build.0 = Ad-Hoc|iPhone
		{AF4A1241-4941-42D0-8061-26C6CE6372CC}.Ad-Hoc|iPhoneSimulator.ActiveCfg = Ad-Hoc|iPhoneSimulator
		{AF4A1241-4941-42D0-8061-26C6CE6372CC}.Ad-Hoc|iPhoneSimulator.Build.0 = Ad-Hoc|iPhoneSimulator
		{AF4A1241-4941-42D0-8061-26C6CE6372CC}.Ad-Hoc|x86.ActiveCfg = Ad-Hoc|iPhone
		{AF4A1241-4941-42D0-8061-26C6CE6372CC}.AppStore|Any CPU.ActiveCfg = AppStore|iPhone
		{AF4A1241-4941-42D0-8061-26C6CE6372CC}.AppStore|ARM.ActiveCfg = AppStore|iPhone
		{AF4A1241-4941-42D0-8061-26C6CE6372CC}.AppStore|iPhone.ActiveCfg = AppStore|iPhone
		{AF4A1241-4941-42D0-8061-26C6CE6372CC}.AppStore|iPhone.Build.0 = AppStore|iPhone
		{AF4A1241-4941-42D0-8061-26C6CE6372CC}.AppStore|iPhoneSimulator.ActiveCfg = AppStore|iPhoneSimulator
		{AF4A1241-4941-42D0-8061-26C6CE6372CC}.AppStore|iPhoneSimulator.Build.0 = AppStore|iPhoneSimulator
		{AF4A1241-4941-42D0-8061-26C6CE6372CC}.AppStore|x86.ActiveCfg = AppStore|iPhone
		{AF4A1241-4941-42D0-8061-26C6CE6372CC}.Debug|Any CPU.ActiveCfg = Debug|iPhone
		{AF4A1241-4941-42D0-8061-26C6CE6372CC}.Debug|ARM.ActiveCfg = Debug|iPhone
		{AF4A1241-4941-42D0-8061-26C6CE6372CC}.Debug|iPhone.ActiveCfg = Debug|iPhone
		{AF4A1241-4941-42D0-8061-26C6CE6372CC}.Debug|iPhone.Build.0 = Debug|iPhone
		{AF4A1241-4941-42D0-8061-26C6CE6372CC}.Debug|iPhoneSimulator.ActiveCfg = Debug|iPhoneSimulator
		{AF4A1241-4941-42D0-8061-26C6CE6372CC}.Debug|iPhoneSimulator.Build.0 = Debug|iPhoneSimulator
		{AF4A1241-4941-42D0-8061-26C6CE6372CC}.Debug|x86.ActiveCfg = Debug|iPhone
		{AF4A1241-4941-42D0-8061-26C6CE6372CC}.Release|Any CPU.ActiveCfg = Release|iPhone
		{AF4A1241-4941-42D0-8061-26C6CE6372CC}.Release|ARM.ActiveCfg = Release|iPhone
		{AF4A1241-4941-42D0-8061-26C6CE6372CC}.Release|iPhone.ActiveCfg = Release|iPhone
		{AF4A1241-4941-42D0-8061-26C6CE6372CC}.Release|iPhone.Build.0 = Release|iPhone
		{AF4A1241-4941-42D0-8061-26C6CE6372CC}.Release|iPhoneSimulator.ActiveCfg = Release|iPhoneSimulator
		{AF4A1241-4941-42D0-8061-26C6CE6372CC}.Release|iPhoneSimulator.Build.0 = Release|iPhoneSimulator
		{AF4A1241-4941-42D0-8061-26C6CE6372CC}.Release|x86.ActiveCfg = Release|iPhone
		{B43B26C3-E916-4FAB-991A-79764E534F7B}.Ad-Hoc|Any CPU.ActiveCfg = Release|Any CPU
		{B43B26C3-E916-4FAB-991A-79764E534F7B}.Ad-Hoc|Any CPU.Build.0 = Release|Any CPU
		{B43B26C3-E916-4FAB-991A-79764E534F7B}.Ad-Hoc|Any CPU.Deploy.0 = Release|Any CPU
		{B43B26C3-E916-4FAB-991A-79764E534F7B}.Ad-Hoc|ARM.ActiveCfg = Release|ARM
		{B43B26C3-E916-4FAB-991A-79764E534F7B}.Ad-Hoc|ARM.Build.0 = Release|ARM
		{B43B26C3-E916-4FAB-991A-79764E534F7B}.Ad-Hoc|ARM.Deploy.0 = Release|ARM
		{B43B26C3-E916-4FAB-991A-79764E534F7B}.Ad-Hoc|iPhone.ActiveCfg = Release|Any CPU
		{B43B26C3-E916-4FAB-991A-79764E534F7B}.Ad-Hoc|iPhone.Build.0 = Release|Any CPU
		{B43B26C3-E916-4FAB-991A-79764E534F7B}.Ad-Hoc|iPhone.Deploy.0 = Release|Any CPU
		{B43B26C3-E916-4FAB-991A-79764E534F7B}.Ad-Hoc|iPhoneSimulator.ActiveCfg = Release|Any CPU
		{B43B26C3-E916-4FAB-991A-79764E534F7B}.Ad-Hoc|iPhoneSimulator.Build.0 = Release|Any CPU
		{B43B26C3-E916-4FAB-991A-79764E534F7B}.Ad-Hoc|iPhoneSimulator.Deploy.0 = Release|Any CPU
		{B43B26C3-E916-4FAB-991A-79764E534F7B}.Ad-Hoc|x86.ActiveCfg = Release|x86
		{B43B26C3-E916-4FAB-991A-79764E534F7B}.Ad-Hoc|x86.Build.0 = Release|x86
		{B43B26C3-E916-4FAB-991A-79764E534F7B}.Ad-Hoc|x86.Deploy.0 = Release|x86
		{B43B26C3-E916-4FAB-991A-79764E534F7B}.AppStore|Any CPU.ActiveCfg = Release|Any CPU
		{B43B26C3-E916-4FAB-991A-79764E534F7B}.AppStore|Any CPU.Build.0 = Release|Any CPU
		{B43B26C3-E916-4FAB-991A-79764E534F7B}.AppStore|Any CPU.Deploy.0 = Release|Any CPU
		{B43B26C3-E916-4FAB-991A-79764E534F7B}.AppStore|ARM.ActiveCfg = Release|ARM
		{B43B26C3-E916-4FAB-991A-79764E534F7B}.AppStore|ARM.Build.0 = Release|ARM
		{B43B26C3-E916-4FAB-991A-79764E534F7B}.AppStore|ARM.Deploy.0 = Release|ARM
		{B43B26C3-E916-4FAB-991A-79764E534F7B}.AppStore|iPhone.ActiveCfg = Release|Any CPU
		{B43B26C3-E916-4FAB-991A-79764E534F7B}.AppStore|iPhone.Build.0 = Release|Any CPU
		{B43B26C3-E916-4FAB-991A-79764E534F7B}.AppStore|iPhone.Deploy.0 = Release|Any CPU
		{B43B26C3-E916-4FAB-991A-79764E534F7B}.AppStore|iPhoneSimulator.ActiveCfg = Release|Any CPU
		{B43B26C3-E916-4FAB-991A-79764E534F7B}.AppStore|iPhoneSimulator.Build.0 = Release|Any CPU
		{B43B26C3-E916-4FAB-991A-79764E534F7B}.AppStore|iPhoneSimulator.Deploy.0 = Release|Any CPU
		{B43B26C3-E916-4FAB-991A-79764E534F7B}.AppStore|x86.ActiveCfg = Release|x86
		{B43B26C3-E916-4FAB-991A-79764E534F7B}.AppStore|x86.Build.0 = Release|x86
		{B43B26C3-E916-4FAB-991A-79764E534F7B}.AppStore|x86.Deploy.0 = Release|x86
		{B43B26C3-E916-4FAB-991A-79764E534F7B}.Debug|Any CPU.ActiveCfg = Debug|Any CPU
		{B43B26C3-E916-4FAB-991A-79764E534F7B}.Debug|Any CPU.Build.0 = Debug|Any CPU
		{B43B26C3-E916-4FAB-991A-79764E534F7B}.Debug|Any CPU.Deploy.0 = Debug|Any CPU
		{B43B26C3-E916-4FAB-991A-79764E534F7B}.Debug|ARM.ActiveCfg = Debug|ARM
		{B43B26C3-E916-4FAB-991A-79764E534F7B}.Debug|ARM.Build.0 = Debug|ARM
		{B43B26C3-E916-4FAB-991A-79764E534F7B}.Debug|ARM.Deploy.0 = Debug|ARM
		{B43B26C3-E916-4FAB-991A-79764E534F7B}.Debug|iPhone.ActiveCfg = Debug|Any CPU
		{B43B26C3-E916-4FAB-991A-79764E534F7B}.Debug|iPhone.Build.0 = Debug|Any CPU
		{B43B26C3-E916-4FAB-991A-79764E534F7B}.Debug|iPhone.Deploy.0 = Debug|Any CPU
		{B43B26C3-E916-4FAB-991A-79764E534F7B}.Debug|iPhoneSimulator.ActiveCfg = Debug|Any CPU
		{B43B26C3-E916-4FAB-991A-79764E534F7B}.Debug|iPhoneSimulator.Build.0 = Debug|Any CPU
		{B43B26C3-E916-4FAB-991A-79764E534F7B}.Debug|iPhoneSimulator.Deploy.0 = Debug|Any CPU
		{B43B26C3-E916-4FAB-991A-79764E534F7B}.Debug|x86.ActiveCfg = Debug|x86
		{B43B26C3-E916-4FAB-991A-79764E534F7B}.Debug|x86.Build.0 = Debug|x86
		{B43B26C3-E916-4FAB-991A-79764E534F7B}.Debug|x86.Deploy.0 = Debug|x86
		{B43B26C3-E916-4FAB-991A-79764E534F7B}.Release|Any CPU.ActiveCfg = Release|Any CPU
		{B43B26C3-E916-4FAB-991A-79764E534F7B}.Release|Any CPU.Build.0 = Release|Any CPU
		{B43B26C3-E916-4FAB-991A-79764E534F7B}.Release|Any CPU.Deploy.0 = Release|Any CPU
		{B43B26C3-E916-4FAB-991A-79764E534F7B}.Release|ARM.ActiveCfg = Release|ARM
		{B43B26C3-E916-4FAB-991A-79764E534F7B}.Release|ARM.Build.0 = Release|ARM
		{B43B26C3-E916-4FAB-991A-79764E534F7B}.Release|ARM.Deploy.0 = Release|ARM
		{B43B26C3-E916-4FAB-991A-79764E534F7B}.Release|iPhone.ActiveCfg = Release|Any CPU
		{B43B26C3-E916-4FAB-991A-79764E534F7B}.Release|iPhone.Build.0 = Release|Any CPU
		{B43B26C3-E916-4FAB-991A-79764E534F7B}.Release|iPhone.Deploy.0 = Release|Any CPU
		{B43B26C3-E916-4FAB-991A-79764E534F7B}.Release|iPhoneSimulator.ActiveCfg = Release|Any CPU
		{B43B26C3-E916-4FAB-991A-79764E534F7B}.Release|iPhoneSimulator.Build.0 = Release|Any CPU
		{B43B26C3-E916-4FAB-991A-79764E534F7B}.Release|iPhoneSimulator.Deploy.0 = Release|Any CPU
		{B43B26C3-E916-4FAB-991A-79764E534F7B}.Release|x86.ActiveCfg = Release|x86
		{B43B26C3-E916-4FAB-991A-79764E534F7B}.Release|x86.Build.0 = Release|x86
		{B43B26C3-E916-4FAB-991A-79764E534F7B}.Release|x86.Deploy.0 = Release|x86
		{B3AF9E34-F824-4F04-AB79-D47CB9FDD911}.Ad-Hoc|Any CPU.ActiveCfg = Release|Any CPU
		{B3AF9E34-F824-4F04-AB79-D47CB9FDD911}.Ad-Hoc|Any CPU.Build.0 = Release|Any CPU
		{B3AF9E34-F824-4F04-AB79-D47CB9FDD911}.Ad-Hoc|ARM.ActiveCfg = Release|Any CPU
		{B3AF9E34-F824-4F04-AB79-D47CB9FDD911}.Ad-Hoc|ARM.Build.0 = Release|Any CPU
		{B3AF9E34-F824-4F04-AB79-D47CB9FDD911}.Ad-Hoc|iPhone.ActiveCfg = Release|Any CPU
		{B3AF9E34-F824-4F04-AB79-D47CB9FDD911}.Ad-Hoc|iPhone.Build.0 = Release|Any CPU
		{B3AF9E34-F824-4F04-AB79-D47CB9FDD911}.Ad-Hoc|iPhoneSimulator.ActiveCfg = Release|Any CPU
		{B3AF9E34-F824-4F04-AB79-D47CB9FDD911}.Ad-Hoc|iPhoneSimulator.Build.0 = Release|Any CPU
		{B3AF9E34-F824-4F04-AB79-D47CB9FDD911}.Ad-Hoc|x86.ActiveCfg = Release|Any CPU
		{B3AF9E34-F824-4F04-AB79-D47CB9FDD911}.Ad-Hoc|x86.Build.0 = Release|Any CPU
		{B3AF9E34-F824-4F04-AB79-D47CB9FDD911}.AppStore|Any CPU.ActiveCfg = Release|Any CPU
		{B3AF9E34-F824-4F04-AB79-D47CB9FDD911}.AppStore|Any CPU.Build.0 = Release|Any CPU
		{B3AF9E34-F824-4F04-AB79-D47CB9FDD911}.AppStore|ARM.ActiveCfg = Release|Any CPU
		{B3AF9E34-F824-4F04-AB79-D47CB9FDD911}.AppStore|ARM.Build.0 = Release|Any CPU
		{B3AF9E34-F824-4F04-AB79-D47CB9FDD911}.AppStore|iPhone.ActiveCfg = Release|Any CPU
		{B3AF9E34-F824-4F04-AB79-D47CB9FDD911}.AppStore|iPhone.Build.0 = Release|Any CPU
		{B3AF9E34-F824-4F04-AB79-D47CB9FDD911}.AppStore|iPhoneSimulator.ActiveCfg = Release|Any CPU
		{B3AF9E34-F824-4F04-AB79-D47CB9FDD911}.AppStore|iPhoneSimulator.Build.0 = Release|Any CPU
		{B3AF9E34-F824-4F04-AB79-D47CB9FDD911}.AppStore|x86.ActiveCfg = Release|Any CPU
		{B3AF9E34-F824-4F04-AB79-D47CB9FDD911}.AppStore|x86.Build.0 = Release|Any CPU
		{B3AF9E34-F824-4F04-AB79-D47CB9FDD911}.Debug|Any CPU.ActiveCfg = Debug|Any CPU
		{B3AF9E34-F824-4F04-AB79-D47CB9FDD911}.Debug|Any CPU.Build.0 = Debug|Any CPU
		{B3AF9E34-F824-4F04-AB79-D47CB9FDD911}.Debug|ARM.ActiveCfg = Debug|Any CPU
		{B3AF9E34-F824-4F04-AB79-D47CB9FDD911}.Debug|ARM.Build.0 = Debug|Any CPU
		{B3AF9E34-F824-4F04-AB79-D47CB9FDD911}.Debug|iPhone.ActiveCfg = Debug|Any CPU
		{B3AF9E34-F824-4F04-AB79-D47CB9FDD911}.Debug|iPhone.Build.0 = Debug|Any CPU
		{B3AF9E34-F824-4F04-AB79-D47CB9FDD911}.Debug|iPhoneSimulator.ActiveCfg = Debug|Any CPU
		{B3AF9E34-F824-4F04-AB79-D47CB9FDD911}.Debug|iPhoneSimulator.Build.0 = Debug|Any CPU
		{B3AF9E34-F824-4F04-AB79-D47CB9FDD911}.Debug|x86.ActiveCfg = Debug|Any CPU
		{B3AF9E34-F824-4F04-AB79-D47CB9FDD911}.Debug|x86.Build.0 = Debug|Any CPU
		{B3AF9E34-F824-4F04-AB79-D47CB9FDD911}.Release|Any CPU.ActiveCfg = Release|Any CPU
		{B3AF9E34-F824-4F04-AB79-D47CB9FDD911}.Release|Any CPU.Build.0 = Release|Any CPU
		{B3AF9E34-F824-4F04-AB79-D47CB9FDD911}.Release|ARM.ActiveCfg = Release|Any CPU
		{B3AF9E34-F824-4F04-AB79-D47CB9FDD911}.Release|ARM.Build.0 = Release|Any CPU
		{B3AF9E34-F824-4F04-AB79-D47CB9FDD911}.Release|iPhone.ActiveCfg = Release|Any CPU
		{B3AF9E34-F824-4F04-AB79-D47CB9FDD911}.Release|iPhone.Build.0 = Release|Any CPU
		{B3AF9E34-F824-4F04-AB79-D47CB9FDD911}.Release|iPhoneSimulator.ActiveCfg = Release|Any CPU
		{B3AF9E34-F824-4F04-AB79-D47CB9FDD911}.Release|iPhoneSimulator.Build.0 = Release|Any CPU
		{B3AF9E34-F824-4F04-AB79-D47CB9FDD911}.Release|x86.ActiveCfg = Release|Any CPU
		{B3AF9E34-F824-4F04-AB79-D47CB9FDD911}.Release|x86.Build.0 = Release|Any CPU
	EndGlobalSection
	GlobalSection(SolutionProperties) = preSolution
		HideSolutionNode = FALSE
	EndGlobalSection
EndGlobal
